{
  "version": 4,
  "terraform_version": "0.15.5",
  "serial": 11,
  "lineage": "2bf1c3d0-b08f-9dfc-1117-14e188f9f6e3",
  "outputs": {},
  "resources": [
    {
      "mode": "managed",
      "type": "fastly_service_compute",
      "name": "demo",
      "provider": "provider[\"registry.terraform.io/fastly/fastly\"]",
      "instances": [
        {
          "schema_version": 0,
          "attributes": {
            "activate": true,
            "active_version": 6,
            "backend": [
              {
                "address": "127.0.0.1",
                "auto_loadbalance": false,
                "between_bytes_timeout": 10000,
                "connect_timeout": 1000,
                "error_threshold": 0,
                "first_byte_timeout": 15000,
                "healthcheck": "",
                "max_conn": 200,
                "max_tls_version": "",
                "min_tls_version": "",
                "name": "originless",
                "override_host": "",
                "port": 80,
                "shield": "",
                "ssl_ca_cert": "",
                "ssl_cert_hostname": "",
                "ssl_check_cert": true,
                "ssl_ciphers": "",
                "ssl_client_cert": "",
                "ssl_client_key": "",
                "ssl_hostname": "",
                "ssl_sni_hostname": "",
                "use_ssl": false,
                "weight": 100
              }
            ],
            "cloned_version": 6,
            "comment": "Managed by Terraform",
            "dictionary": [],
            "domain": [
              {
                "comment": "demo",
                "name": "safely-nice-redfish.edgecompute.app"
              }
            ],
            "force_destroy": null,
            "id": "0Cl64BpWvRXwUaqgiz8ZEV",
            "logging_bigquery": [],
            "logging_blobstorage": [],
            "logging_cloudfiles": [],
            "logging_datadog": [],
            "logging_digitalocean": [],
            "logging_elasticsearch": [],
            "logging_ftp": [],
            "logging_gcs": [],
            "logging_googlepubsub": [],
            "logging_heroku": [],
            "logging_honeycomb": [],
            "logging_https": [],
            "logging_kafka": [],
            "logging_kinesis": [],
            "logging_logentries": [],
            "logging_loggly": [],
            "logging_logshuttle": [],
            "logging_newrelic": [],
            "logging_openstack": [],
            "logging_papertrail": [],
            "logging_s3": [],
            "logging_scalyr": [],
            "logging_sftp": [],
            "logging_splunk": [],
            "logging_sumologic": [],
            "logging_syslog": [],
            "name": "rust-demo",
            "package": [
              {
                "filename": "./../../pkg/rust-demo.tar.gz",
                "source_code_hash": "cefadf9d829176c2004d047032f5fba4aa70206e7cbc6c47f226230640f7619681ad8c4731badae611720264e14bdae9f62ff5414a6cbb346552ed4b17c6a7b7"
              }
            ],
            "version_comment": ""
          },
          "sensitive_attributes": [],
          "private": "bnVsbA=="
        }
      ]
    }
  ]
}
